// !$*UTF8*$!
{
	archiveVersion = 1;
	classes = {
	};
	objectVersion = 50;
	objects = {

/* Begin PBXBuildFile section */
		BA8DE2452425DA1C000787C2 /* AppDelegate.swift in Sources */ = {isa = PBXBuildFile; fileRef = BA8DE2442425DA1C000787C2 /* AppDelegate.swift */; };
		BA8DE2472425DA1C000787C2 /* SceneDelegate.swift in Sources */ = {isa = PBXBuildFile; fileRef = BA8DE2462425DA1C000787C2 /* SceneDelegate.swift */; };
		BA8DE2492425DA1C000787C2 /* ViewController.swift in Sources */ = {isa = PBXBuildFile; fileRef = BA8DE2482425DA1C000787C2 /* ViewController.swift */; };
		BA8DE24C2425DA1C000787C2 /* Main.storyboard in Resources */ = {isa = PBXBuildFile; fileRef = BA8DE24A2425DA1C000787C2 /* Main.storyboard */; };
		BA8DE24E2425DA1F000787C2 /* Assets.xcassets in Resources */ = {isa = PBXBuildFile; fileRef = BA8DE24D2425DA1F000787C2 /* Assets.xcassets */; };
		BA8DE2512425DA1F000787C2 /* LaunchScreen.storyboard in Resources */ = {isa = PBXBuildFile; fileRef = BA8DE24F2425DA1F000787C2 /* LaunchScreen.storyboard */; };
		BA8DE2592425E095000787C2 /* MyTableViewCell.swift in Sources */ = {isa = PBXBuildFile; fileRef = BA8DE2582425E095000787C2 /* MyTableViewCell.swift */; };
		BA8DE25B2425EFC5000787C2 /* InputViewController.swift in Sources */ = {isa = PBXBuildFile; fileRef = BA8DE25A2425EFC5000787C2 /* InputViewController.swift */; };
/* End PBXBuildFile section */

/* Begin PBXFileReference section */
		BA8DE2412425DA1C000787C2 /* HelloTableView0321.app */ = {isa = PBXFileReference; explicitFileType = wrapper.application; includeInIndex = 0; path = HelloTableView0321.app; sourceTree = BUILT_PRODUCTS_DIR; };
		BA8DE2442425DA1C000787C2 /* AppDelegate.swift */ = {isa = PBXFileReference; lastKnownFileType = sourcecode.swift; path = AppDelegate.swift; sourceTree = "<group>"; };
		BA8DE2462425DA1C000787C2 /* SceneDelegate.swift */ = {isa = PBXFileReference; lastKnownFileType = sourcecode.swift; path = SceneDelegate.swift; sourceTree = "<group>"; };
		BA8DE2482425DA1C000787C2 /* ViewController.swift */ = {isa = PBXFileReference; lastKnownFileType = sourcecode.swift; path = ViewController.swift; sourceTree = "<group>"; };
		BA8DE24B2425DA1C000787C2 /* Base */ = {isa = PBXFileReference; lastKnownFileType = file.storyboard; name = Base; path = Base.lproj/Main.storyboard; sourceTree = "<group>"; };
		BA8DE24D2425DA1F000787C2 /* Assets.xcassets */ = {isa = PBXFileReference; lastKnownFileType = folder.assetcatalog; path = Assets.xcassets; sourceTree = "<group>"; };
		BA8DE2502425DA1F000787C2 /* Base */ = {isa = PBXFileReference; lastKnownFileType = file.storyboard; name = Base; path = Base.lproj/LaunchScreen.storyboard; sourceTree = "<group>"; };
		BA8DE2522425DA1F000787C2 /* Info.plist */ = {isa = PBXFileReference; lastKnownFileType = text.plist.xml; path = Info.plist; sourceTree = "<group>"; };
		BA8DE2582425E095000787C2 /* MyTableViewCell.swift */ = {isa = PBXFileReference; lastKnownFileType = sourcecode.swift; path = MyTableViewCell.swift; sourceTree = "<group>"; };
		BA8DE25A2425EFC5000787C2 /* InputViewController.swift */ = {isa = PBXFileReference; lastKnownFileType = sourcecode.swift; path = InputViewController.swift; sourceTree = "<group>"; };
/* End PBXFileReference section */

/* Begin PBXFrameworksBuildPhase section */
		BA8DE23E2425DA1C000787C2 /* Frameworks */ = {
			isa = PBXFrameworksBuildPhase;
			buildActionMask = 2147483647;
			files = (
			);
			runOnlyForDeploymentPostprocessing = 0;
		};
/* End PBXFrameworksBuildPhase section */

/* Begin PBXGroup section */
		BA8DE2382425DA1C000787C2 = {
			isa = PBXGroup;
			children = (
				BA8DE2432425DA1C000787C2 /* HelloTableView0321 */,
				BA8DE2422425DA1C000787C2 /* Products */,
			);
			sourceTree = "<group>";
		};
		BA8DE2422425DA1C000787C2 /* Products */ = {
			isa = PBXGroup;
			children = (
				BA8DE2412425DA1C000787C2 /* HelloTableView0321.app */,
			);
			name = Products;
			sourceTree = "<group>";
		};
		BA8DE2432425DA1C000787C2 /* HelloTableView0321 */ = {
			isa = PBXGroup;
			children = (
				BA8DE2442425DA1C000787C2 /* AppDelegate.swift */,
				BA8DE2462425DA1C000787C2 /* SceneDelegate.swift */,
				BA8DE2482425DA1C000787C2 /* ViewController.swift */,
				BA8DE24A2425DA1C000787C2 /* Main.storyboard */,
				BA8DE24D2425DA1F000787C2 /* Assets.xcassets */,
				BA8DE24F2425DA1F000787C2 /* LaunchScreen.storyboard */,
				BA8DE2522425DA1F000787C2 /* Info.plist */,
				BA8DE2582425E095000787C2 /* MyTableViewCell.swift */,
				BA8DE25A2425EFC5000787C2 /* InputViewController.swift */,
			);
			path = HelloTableView0321;
			sourceTree = "<group>";
		};
/* End PBXGroup section */

/* Begin PBXNativeTarget section */
		BA8DE2402425DA1C000787C2 /* HelloTableView0321 */ = {
			isa = PBXNativeTarget;
			buildConfigurationList = BA8DE2552425DA1F000787C2 /* Build configuration list for PBXNativeTarget "HelloTableView0321" */;
			buildPhases = (
				BA8DE23D2425DA1C000787C2 /* Sources */,
				BA8DE23E2425DA1C000787C2 /* Frameworks */,
				BA8DE23F2425DA1C000787C2 /* Resources */,
			);
			buildRules = (
			);
			dependencies = (
			);
			name = HelloTableView0321;
			productName = HelloTableView0321;
			productReference = BA8DE2412425DA1C000787C2 /* HelloTableView0321.app */;
			productType = "com.apple.product-type.application";
		};
/* End PBXNativeTarget section */

/* Begin PBXProject section */
		BA8DE2392425DA1C000787C2 /* Project object */ = {
			isa = PBXProject;
			attributes = {
				LastSwiftUpdateCheck = 1130;
				LastUpgradeCheck = 1130;
				ORGANIZATIONNAME = "申潤五";
				TargetAttributes = {
					BA8DE2402425DA1C000787C2 = {
						CreatedOnToolsVersion = 11.3.1;
					};
				};
			};
			buildConfigurationList = BA8DE23C2425DA1C000787C2 /* Build configuration list for PBXProject "HelloTableView0321" */;
			compatibilityVersion = "Xcode 9.3";
			developmentRegion = en;
			hasScannedForEncodings = 0;
			knownRegions = (
				en,
				Base,
			);
			mainGroup = BA8DE2382425DA1C000787C2;
			productRefGroup = BA8DE2422425DA1C000787C2 /* Products */;
			projectDirPath = "";
			projectRoot = "";
			targets = (
				BA8DE2402425DA1C000787C2 /* HelloTableView0321 */,
			);
		};
/* End PBXProject section */

/* Begin PBXResourcesBuildPhase section */
		BA8DE23F2425DA1C000787C2 /* Resources */ = {
			isa = PBXResourcesBuildPhase;
			buildActionMask = 2147483647;
			files = (
				BA8DE2512425DA1F000787C2 /* LaunchScreen.storyboard in Resources */,
				BA8DE24E2425DA1F000787C2 /* Assets.xcassets in Resources */,
				BA8DE24C2425DA1C000787C2 /* Main.storyboard in Resources */,
			);
			runOnlyForDeploymentPostprocessing = 0;
		};
/* End PBXResourcesBuildPhase section */

/* Begin PBXSourcesBuildPhase section */
		BA8DE23D2425DA1C000787C2 /* Sources */ = {
			isa = PBXSourcesBuildPhase;
			buildActionMask = 2147483647;
			files = (
				BA8DE2492425DA1C000787C2 /* ViewController.swift in Sources */,
				BA8DE25B2425EFC5000787C2 /* InputViewController.swift in Sources */,
				BA8DE2592425E095000787C2 /* MyTableViewCell.swift in Sources */,
				BA8DE2452425DA1C000787C2 /* AppDelegate.swift in Sources */,
				BA8DE2472425DA1C000787C2 /* SceneDelegate.swift in Sources */,
			);
			runOnlyForDeploymentPostprocessing = 0;
		};
/* End PBXSourcesBuildPhase section */

/* Begin PBXVariantGroup section */
		BA8DE24A2425DA1C000787C2 /* Main.storyboard */ = {
			isa = PBXVariantGroup;
			children = (
				BA8DE24B2425DA1C000787C2 /* Base */,
			);
			name = Main.storyboard;
			sourceTree = "<group>";
		};
		BA8DE24F2425DA1F000787C2 /* LaunchScreen.storyboard */ = {
			isa = PBXVariantGroup;
			children = (
				BA8DE2502425DA1F000787C2 /* Base */,
			);
			name = LaunchScreen.storyboard;
			sourceTree = "<group>";
		};
/* End PBXVariantGroup section */

/* Begin XCBuildConfiguration section */
		BA8DE2532425DA1F000787C2 /* Debug */ = {
			isa = XCBuildConfiguration;
			buildSettings = {
				ALWAYS_SEARCH_USER_PATHS = NO;
				CLANG_ANALYZER_NONNULL = YES;
				CLANG_ANALYZER_NUMBER_OBJECT_CONVERSION = YES_AGGRESSIVE;
				CLANG_CXX_LANGUAGE_STANDARD = "gnu++14";
				CLANG_CXX_LIBRARY = "libc++";
				CLANG_ENABLE_MODULES = YES;
				CLANG_ENABLE_OBJC_ARC = YES;
				CLANG_ENABLE_OBJC_WEAK = YES;
				CLANG_WARN_BLOCK_CAPTURE_AUTORELEASING = YES;
				CLANG_WARN_BOOL_CONVERSION = YES;
				CLANG_WARN_COMMA = YES;
				CLANG_WARN_CONSTANT_CONVERSION = YES;
				CLANG_WARN_DEPRECATED_OBJC_IMPLEMENTATIONS = YES;
				CLANG_WARN_DIRECT_OBJC_ISA_USAGE = YES_ERROR;
				CLANG_WARN_DOCUMENTATION_COMMENTS = YES;
				CLANG_WARN_EMPTY_BODY = YES;
				CLANG_WARN_ENUM_CONVERSION = YES;
				CLANG_WARN_INFINITE_RECURSION = YES;
				CLANG_WARN_INT_CONVERSION = YES;
				CLANG_WARN_NON_LITERAL_NULL_CONVERSION = YES;
				CLANG_WARN_OBJC_IMPLICIT_RETAIN_SELF = YES;
				CLANG_WARN_OBJC_LITERAL_CONVERSION = YES;
				CLANG_WARN_OBJC_ROOT_CLASS = YES_ERROR;
				CLANG_WARN_RANGE_LOOP_ANALYSIS = YES;
				CLANG_WARN_STRICT_PROTOTYPES = YES;
				CLANG_WARN_SUSPICIOUS_MOVE = YES;
				CLANG_WARN_UNGUARDED_AVAILABILITY = YES_AGGRESSIVE;
				CLANG_WARN_UNREACHABLE_CODE = YES;
				CLANG_WARN__DUPLICATE_METHOD_MATCH = YES;
				COPY_PHASE_STRIP = NO;
				DEBUG_INFORMATION_FORMAT = dwarf;
				ENABLE_STRICT_OBJC_MSGSEND = YES;
				ENABLE_TESTABILITY = YES;
				GCC_C_LANGUAGE_STANDARD = gnu11;
				GCC_DYNAMIC_NO_PIC = NO;
				GCC_NO_COMMON_BLOCKS = YES;
				GCC_OPTIMIZATION_LEVEL = 0;
				GCC_PREPROCESSOR_DEFINITIONS = (
					"DEBUG=1",
					"$(inherited)",
				);
				GCC_WARN_64_TO_32_BIT_CONVERSION = YES;
				GCC_WARN_ABOUT_RETURN_TYPE = YES_ERROR;
				GCC_WARN_UNDECLARED_SELECTOR = YES;
				GCC_WARN_UNINITIALIZED_AUTOS = YES_AGGRESSIVE;
				GCC_WARN_UNUSED_FUNCTION = YES;
				GCC_WARN_UNUSED_VARIABLE = YES;
				IPHONEOS_DEPLOYMENT_TARGET = 13.2;
				MTL_ENABLE_DEBUG_INFO = INCLUDE_SOURCE;
				MTL_FAST_MATH = YES;
				ONLY_ACTIVE_ARCH = YES;
				SDKROOT = iphoneos;
				SWIFT_ACTIVE_COMPILATION_CONDITIONS = DEBUG;
				SWIFT_OPTIMIZATION_LEVEL = "-Onone";
			};
			name = Debug;
		};
		BA8DE2542425DA1F000787C2 /* Release */ = {
			isa = XCBuildConfiguration;
			buildSettings = {
				ALWAYS_SEARCH_USER_PATHS = NO;
				CLANG_ANALYZER_NONNULL = YES;
				CLANG_ANALYZER_NUMBER_OBJECT_CONVERSION = YES_AGGRESSIVE;
				CLANG_CXX_LANGUAGE_STANDARD = "gnu++14";
				CLANG_CXX_LIBRARY = "libc++";
				CLANG_ENABLE_MODULES = YES;
				CLANG_ENABLE_OBJC_ARC = YES;
				CLANG_ENABLE_OBJC_WEAK = YES;
				CLANG_WARN_BLOCK_CAPTURE_AUTORELEASING = YES;
				CLANG_WARN_BOOL_CONVERSION = YES;
				CLANG_WARN_COMMA = YES;
				CLANG_WARN_CONSTANT_CONVERSION = YES;
				CLANG_WARN_DEPRECATED_OBJC_IMPLEMENTATIONS = YES;
				CLANG_WARN_DIRECT_OBJC_ISA_USAGE = YES_ERROR;
				CLANG_WARN_DOCUMENTATION_COMMENTS = YES;
				CLANG_WARN_EMPTY_BODY = YES;
				CLANG_WARN_ENUM_CONVERSION = YES;
				CLANG_WARN_INFINITE_RECURSION = YES;
				CLANG_WARN_INT_CONVERSION = YES;
				CLANG_WARN_NON_LITERAL_NULL_CONVERSION = YES;
				CLANG_WARN_OBJC_IMPLICIT_RETAIN_SELF = YES;
				CLANG_WARN_OBJC_LITERAL_CONVERSION = YES;
				CLANG_WARN_OBJC_ROOT_CLASS = YES_ERROR;
				CLANG_WARN_RANGE_LOOP_ANALYSIS = YES;
				CLANG_WARN_STRICT_PROTOTYPES = YES;
				CLANG_WARN_SUSPICIOUS_MOVE = YES;
				CLANG_WARN_UNGUARDED_AVAILABILITY = YES_AGGRESSIVE;
				CLANG_WARN_UNREACHABLE_CODE = YES;
				CLANG_WARN__DUPLICATE_METHOD_MATCH = YES;
				COPY_PHASE_STRIP = NO;
				DEBUG_INFORMATION_FORMAT = "dwarf-with-dsym";
				ENABLE_NS_ASSERTIONS = NO;
				ENABLE_STRICT_OBJC_MSGSEND = YES;
				GCC_C_LANGUAGE_STANDARD = gnu11;
				GCC_NO_COMMON_BLOCKS = YES;
				GCC_WARN_64_TO_32_BIT_CONVERSION = YES;
				GCC_WARN_ABOUT_RETURN_TYPE = YES_ERROR;
				GCC_WARN_UNDECLARED_SELECTOR = YES;
				GCC_WARN_UNINITIALIZED_AUTOS = YES_AGGRESSIVE;
				GCC_WARN_UNUSED_FUNCTION = YES;
				GCC_WARN_UNUSED_VARIABLE = YES;
				IPHONEOS_DEPLOYMENT_TARGET = 13.2;
				MTL_ENABLE_DEBUG_INFO = NO;
				MTL_FAST_MATH = YES;
				SDKROOT = iphoneos;
				SWIFT_COMPILATION_MODE = wholemodule;
				SWIFT_OPTIMIZATION_LEVEL = "-O";
				VALIDATE_PRODUCT = YES;
			};
			name = Release;
		};
		BA8DE2562425DA1F000787C2 /* Debug */ = {
			isa = XCBuildConfiguration;
			buildSettings = {
				ASSETCATALOG_COMPILER_APPICON_NAME = AppIcon;
				CODE_SIGN_STYLE = Automatic;
				DEVELOPMENT_TEAM = XSVW22JPST;
				INFOPLIST_FILE = HelloTableView0321/Info.plist;
				LD_RUNPATH_SEARCH_PATHS = (
					"$(inherited)",
					"@executable_path/Frameworks",
				);
				PRODUCT_BUNDLE_IDENTIFIER = idev.sjw.HelloTableView0321;
				PRODUCT_NAME = "$(TARGET_NAME)";
				SWIFT_VERSION = 5.0;
				TARGETED_DEVICE_FAMILY = "1,2";
			};
			name = Debug;
		};
		BA8DE2572425DA1F000787C2 /* Release */ = {
			isa = XCBuildConfiguration;
			buildSettings = {
				ASSETCATALOG_COMPILER_APPICON_NAME = AppIcon;
				CODE_SIGN_STYLE = Automatic;
				DEVELOPMENT_TEAM = XSVW22JPST;
				INFOPLIST_FILE = HelloTableView0321/Info.plist;
				LD_RUNPATH_SEARCH_PATHS = (
					"$(inherited)",
					"@executable_path/Frameworks",
				);
				PRODUCT_BUNDLE_IDENTIFIER = idev.sjw.HelloTableView0321;
				PRODUCT_NAME = "$(TARGET_NAME)";
				SWIFT_VERSION = 5.0;
				TARGETED_DEVICE_FAMILY = "1,2";
			};
			name = Release;
		};
/* End XCBuildConfiguration section */

/* Begin XCConfigurationList section */
		BA8DE23C2425DA1C000787C2 /* Build configuration list for PBXProject "HelloTableView0321" */ = {
			isa = XCConfigurationList;
			buildConfigurations = (
				BA8DE2532425DA1F000787C2 /* Debug */,
				BA8DE2542425DA1F000787C2 /* Release */,
			);
			defaultConfigurationIsVisible = 0;
			defaultConfigurationName = Release;
		};
		BA8DE2552425DA1F000787C2 /* Build configuration list for PBXNativeTarget "HelloTableView0321" */ = {
			isa = XCConfigurationList;
			buildConfigurations = (
				BA8DE2562425DA1F000787C2 /* Debug */,
				BA8DE2572425DA1F000787C2 /* Release */,
			);
			defaultConfigurationIsVisible = 0;
			defaultConfigurationName = Release;
		};
/* End XCConfigurationList section */
	};
	rootObject = BA8DE2392425DA1C000787C2 /* Project object */;
}
